
Microsoft Visual Studio Solution File, Format Version 12.00
# Visual Studio 15
VisualStudioVersion = 15.0.27703.2042
MinimumVisualStudioVersion = 10.0.40219.1
Project("{8BC9CEB8-8B4A-11D0-8D11-00A0C91BC942}") = "MyProject01", "Project1\Project1.vcxproj", "{4473396B-82AA-4B96-A4E3-6BED7479C4CD}"
	ProjectSection(ProjectDependencies) = postProject
		{DFA8F7F0-A256-4C29-A650-83DAEDA6DEB0} = {DFA8F7F0-A256-4C29-A650-83DAEDA6DEB0}
	EndProjectSection
EndProject
Project("{8BC9CEB8-8B4A-11D0-8D11-00A0C91BC942}") = "MyUDPEcho", "UDPEcho\UDPEcho.vcxproj", "{A79CCDDE-D9F8-4782-A289-375DFB9B85A0}"
	ProjectSection(ProjectDependencies) = postProject
		{DFA8F7F0-A256-4C29-A650-83DAEDA6DEB0} = {DFA8F7F0-A256-4C29-A650-83DAEDA6DEB0}
	EndProjectSection
EndProject
Project("{8BC9CEB8-8B4A-11D0-8D11-00A0C91BC942}") = "MyChat", "MyChat\MyChat.vcxproj", "{43AFDA4B-E399-4C1F-A125-68F226A6CBA3}"
	ProjectSection(ProjectDependencies) = postProject
		{DFA8F7F0-A256-4C29-A650-83DAEDA6DEB0} = {DFA8F7F0-A256-4C29-A650-83DAEDA6DEB0}
	EndProjectSection
EndProject
Project("{8BC9CEB8-8B4A-11D0-8D11-00A0C91BC942}") = "MyUtil", "MyUtil\MyUtil.vcxproj", "{DFA8F7F0-A256-4C29-A650-83DAEDA6DEB0}"
EndProject
Global
	GlobalSection(SolutionConfigurationPlatforms) = preSolution
		BootTest|x64 = BootTest|x64
		BootTest|x86 = BootTest|x86
		Debug|x64 = Debug|x64
		Debug|x86 = Debug|x86
		Exec01|x64 = Exec01|x64
		Exec01|x86 = Exec01|x86
		Exec02|x64 = Exec02|x64
		Exec02|x86 = Exec02|x86
		Release|x64 = Release|x64
		Release|x86 = Release|x86
		UDPClient|x64 = UDPClient|x64
		UDPClient|x86 = UDPClient|x86
		UDPServer|x64 = UDPServer|x64
		UDPServer|x86 = UDPServer|x86
	EndGlobalSection
	GlobalSection(ProjectConfigurationPlatforms) = postSolution
		{4473396B-82AA-4B96-A4E3-6BED7479C4CD}.BootTest|x64.ActiveCfg = BoostTest|x64
		{4473396B-82AA-4B96-A4E3-6BED7479C4CD}.BootTest|x64.Build.0 = BoostTest|x64
		{4473396B-82AA-4B96-A4E3-6BED7479C4CD}.BootTest|x86.ActiveCfg = FileTransMain|x64
		{4473396B-82AA-4B96-A4E3-6BED7479C4CD}.BootTest|x86.Build.0 = FileTransMain|x64
		{4473396B-82AA-4B96-A4E3-6BED7479C4CD}.Debug|x64.ActiveCfg = Debug|x64
		{4473396B-82AA-4B96-A4E3-6BED7479C4CD}.Debug|x64.Build.0 = Debug|x64
		{4473396B-82AA-4B96-A4E3-6BED7479C4CD}.Debug|x86.ActiveCfg = Debug|Win32
		{4473396B-82AA-4B96-A4E3-6BED7479C4CD}.Debug|x86.Build.0 = Debug|Win32
		{4473396B-82AA-4B96-A4E3-6BED7479C4CD}.Exec01|x64.ActiveCfg = Exec01|x64
		{4473396B-82AA-4B96-A4E3-6BED7479C4CD}.Exec01|x64.Build.0 = Exec01|x64
		{4473396B-82AA-4B96-A4E3-6BED7479C4CD}.Exec01|x86.ActiveCfg = Exec01|Win32
		{4473396B-82AA-4B96-A4E3-6BED7479C4CD}.Exec01|x86.Build.0 = Exec01|Win32
		{4473396B-82AA-4B96-A4E3-6BED7479C4CD}.Exec02|x64.ActiveCfg = Exec02|x64
		{4473396B-82AA-4B96-A4E3-6BED7479C4CD}.Exec02|x64.Build.0 = Exec02|x64
		{4473396B-82AA-4B96-A4E3-6BED7479C4CD}.Exec02|x86.ActiveCfg = Exec02|Win32
		{4473396B-82AA-4B96-A4E3-6BED7479C4CD}.Exec02|x86.Build.0 = Exec02|Win32
		{4473396B-82AA-4B96-A4E3-6BED7479C4CD}.Release|x64.ActiveCfg = Release|x64
		{4473396B-82AA-4B96-A4E3-6BED7479C4CD}.Release|x64.Build.0 = Release|x64
		{4473396B-82AA-4B96-A4E3-6BED7479C4CD}.Release|x86.ActiveCfg = Release|Win32
		{4473396B-82AA-4B96-A4E3-6BED7479C4CD}.Release|x86.Build.0 = Release|Win32
		{4473396B-82AA-4B96-A4E3-6BED7479C4CD}.UDPClient|x64.ActiveCfg = Debug|x64
		{4473396B-82AA-4B96-A4E3-6BED7479C4CD}.UDPClient|x86.ActiveCfg = Debug|x64
		{4473396B-82AA-4B96-A4E3-6BED7479C4CD}.UDPClient|x86.Build.0 = Debug|x64
		{4473396B-82AA-4B96-A4E3-6BED7479C4CD}.UDPServer|x64.ActiveCfg = Debug|x64
		{4473396B-82AA-4B96-A4E3-6BED7479C4CD}.UDPServer|x86.ActiveCfg = Debug|x64
		{4473396B-82AA-4B96-A4E3-6BED7479C4CD}.UDPServer|x86.Build.0 = Debug|x64
		{A79CCDDE-D9F8-4782-A289-375DFB9B85A0}.BootTest|x64.ActiveCfg = Debug|x64
		{A79CCDDE-D9F8-4782-A289-375DFB9B85A0}.BootTest|x86.ActiveCfg = Debug|x64
		{A79CCDDE-D9F8-4782-A289-375DFB9B85A0}.Debug|x64.ActiveCfg = Debug|x64
		{A79CCDDE-D9F8-4782-A289-375DFB9B85A0}.Debug|x64.Build.0 = Debug|x64
		{A79CCDDE-D9F8-4782-A289-375DFB9B85A0}.Debug|x86.ActiveCfg = Debug|x64
		{A79CCDDE-D9F8-4782-A289-375DFB9B85A0}.Debug|x86.Build.0 = Debug|x64
		{A79CCDDE-D9F8-4782-A289-375DFB9B85A0}.FileTransMain|x64.ActiveCfg = Debug|x64
		{A79CCDDE-D9F8-4782-A289-375DFB9B85A0}.FileTransMain|x86.ActiveCfg = Debug|x64
		{A79CCDDE-D9F8-4782-A289-375DFB9B85A0}.Main01|x64.ActiveCfg = UDPServer|x64
		{A79CCDDE-D9F8-4782-A289-375DFB9B85A0}.Main01|x64.Build.0 = UDPServer|x64
		{A79CCDDE-D9F8-4782-A289-375DFB9B85A0}.Main01|x86.ActiveCfg = UDPServer|x64
		{A79CCDDE-D9F8-4782-A289-375DFB9B85A0}.Main01|x86.Build.0 = UDPServer|x64
		{A79CCDDE-D9F8-4782-A289-375DFB9B85A0}.MyTestMain|x64.ActiveCfg = Debug|x64
		{A79CCDDE-D9F8-4782-A289-375DFB9B85A0}.MyTestMain|x86.ActiveCfg = Debug|x64
		{A79CCDDE-D9F8-4782-A289-375DFB9B85A0}.Release|x64.ActiveCfg = Release|x64
		{A79CCDDE-D9F8-4782-A289-375DFB9B85A0}.Release|x64.Build.0 = Release|x64
		{A79CCDDE-D9F8-4782-A289-375DFB9B85A0}.Release|x86.ActiveCfg = Release|Win32
		{A79CCDDE-D9F8-4782-A289-375DFB9B85A0}.Release|x86.Build.0 = Release|Win32
		{A79CCDDE-D9F8-4782-A289-375DFB9B85A0}.UDPClient|x64.ActiveCfg = UDPClient|x64
		{A79CCDDE-D9F8-4782-A289-375DFB9B85A0}.UDPClient|x64.Build.0 = UDPClient|x64
		{A79CCDDE-D9F8-4782-A289-375DFB9B85A0}.UDPClient|x86.ActiveCfg = Debug|x64
		{A79CCDDE-D9F8-4782-A289-375DFB9B85A0}.UDPClient|x86.Build.0 = Debug|x64
		{A79CCDDE-D9F8-4782-A289-375DFB9B85A0}.UDPServer|x64.ActiveCfg = UDPServer|x64
		{A79CCDDE-D9F8-4782-A289-375DFB9B85A0}.UDPServer|x64.Build.0 = UDPServer|x64
		{A79CCDDE-D9F8-4782-A289-375DFB9B85A0}.UDPServer|x86.ActiveCfg = Debug|x64
		{A79CCDDE-D9F8-4782-A289-375DFB9B85A0}.UDPServer|x86.Build.0 = Debug|x64
		{43AFDA4B-E399-4C1F-A125-68F226A6CBA3}.BootTest|x64.ActiveCfg = Debug|x64
		{43AFDA4B-E399-4C1F-A125-68F226A6CBA3}.BootTest|x86.ActiveCfg = Debug|x64
		{43AFDA4B-E399-4C1F-A125-68F226A6CBA3}.Debug|x64.ActiveCfg = Debug|x64
		{43AFDA4B-E399-4C1F-A125-68F226A6CBA3}.Debug|x64.Build.0 = Debug|x64
		{43AFDA4B-E399-4C1F-A125-68F226A6CBA3}.Debug|x86.ActiveCfg = Debug|x64
		{43AFDA4B-E399-4C1F-A125-68F226A6CBA3}.Debug|x86.Build.0 = Debug|x64
		{43AFDA4B-E399-4C1F-A125-68F226A6CBA3}.FileTransMain|x64.ActiveCfg = Debug|x64
		{43AFDA4B-E399-4C1F-A125-68F226A6CBA3}.FileTransMain|x86.ActiveCfg = Debug|x64
		{43AFDA4B-E399-4C1F-A125-68F226A6CBA3}.Main01|x64.ActiveCfg = Debug|x64
		{43AFDA4B-E399-4C1F-A125-68F226A6CBA3}.Main01|x86.ActiveCfg = Debug|x64
		{43AFDA4B-E399-4C1F-A125-68F226A6CBA3}.MyTestMain|x64.ActiveCfg = Debug|x64
		{43AFDA4B-E399-4C1F-A125-68F226A6CBA3}.MyTestMain|x86.ActiveCfg = Debug|x64
		{43AFDA4B-E399-4C1F-A125-68F226A6CBA3}.Release|x64.ActiveCfg = Release|x64
		{43AFDA4B-E399-4C1F-A125-68F226A6CBA3}.Release|x64.Build.0 = Release|x64
		{43AFDA4B-E399-4C1F-A125-68F226A6CBA3}.Release|x86.ActiveCfg = Release|Win32
		{43AFDA4B-E399-4C1F-A125-68F226A6CBA3}.Release|x86.Build.0 = Release|Win32
		{43AFDA4B-E399-4C1F-A125-68F226A6CBA3}.UDPClient|x64.ActiveCfg = Debug|x64
		{43AFDA4B-E399-4C1F-A125-68F226A6CBA3}.UDPClient|x86.ActiveCfg = Debug|x64
		{43AFDA4B-E399-4C1F-A125-68F226A6CBA3}.UDPClient|x86.Build.0 = Debug|x64
		{43AFDA4B-E399-4C1F-A125-68F226A6CBA3}.UDPServer|x64.ActiveCfg = Debug|x64
		{43AFDA4B-E399-4C1F-A125-68F226A6CBA3}.UDPServer|x86.ActiveCfg = Debug|x64
		{43AFDA4B-E399-4C1F-A125-68F226A6CBA3}.UDPServer|x86.Build.0 = Debug|x64
		{DFA8F7F0-A256-4C29-A650-83DAEDA6DEB0}.BootTest|x64.ActiveCfg = Debug|x64
		{DFA8F7F0-A256-4C29-A650-83DAEDA6DEB0}.BootTest|x64.Build.0 = Debug|x64
		{DFA8F7F0-A256-4C29-A650-83DAEDA6DEB0}.BootTest|x86.ActiveCfg = Debug|x64
		{DFA8F7F0-A256-4C29-A650-83DAEDA6DEB0}.BootTest|x86.Build.0 = Debug|x64
		{DFA8F7F0-A256-4C29-A650-83DAEDA6DEB0}.Debug|x64.ActiveCfg = Debug|x64
		{DFA8F7F0-A256-4C29-A650-83DAEDA6DEB0}.Debug|x64.Build.0 = Debug|x64
		{DFA8F7F0-A256-4C29-A650-83DAEDA6DEB0}.Debug|x86.ActiveCfg = Debug|x64
		{DFA8F7F0-A256-4C29-A650-83DAEDA6DEB0}.Debug|x86.Build.0 = Debug|x64
		{DFA8F7F0-A256-4C29-A650-83DAEDA6DEB0}.FileTransMain|x64.ActiveCfg = Debug|x64
		{DFA8F7F0-A256-4C29-A650-83DAEDA6DEB0}.FileTransMain|x64.Build.0 = Debug|x64
		{DFA8F7F0-A256-4C29-A650-83DAEDA6DEB0}.FileTransMain|x86.ActiveCfg = Debug|x64
		{DFA8F7F0-A256-4C29-A650-83DAEDA6DEB0}.FileTransMain|x86.Build.0 = Debug|x64
		{DFA8F7F0-A256-4C29-A650-83DAEDA6DEB0}.Main01|x64.ActiveCfg = Debug|x64
		{DFA8F7F0-A256-4C29-A650-83DAEDA6DEB0}.Main01|x64.Build.0 = Debug|x64
		{DFA8F7F0-A256-4C29-A650-83DAEDA6DEB0}.Main01|x86.ActiveCfg = Debug|x64
		{DFA8F7F0-A256-4C29-A650-83DAEDA6DEB0}.MyTestMain|x64.ActiveCfg = Debug|x64
		{DFA8F7F0-A256-4C29-A650-83DAEDA6DEB0}.MyTestMain|x64.Build.0 = Debug|x64
		{DFA8F7F0-A256-4C29-A650-83DAEDA6DEB0}.MyTestMain|x86.ActiveCfg = Debug|x64
		{DFA8F7F0-A256-4C29-A650-83DAEDA6DEB0}.MyTestMain|x86.Build.0 = Debug|x64
		{DFA8F7F0-A256-4C29-A650-83DAEDA6DEB0}.Release|x64.ActiveCfg = Release|x64
		{DFA8F7F0-A256-4C29-A650-83DAEDA6DEB0}.Release|x64.Build.0 = Release|x64
		{DFA8F7F0-A256-4C29-A650-83DAEDA6DEB0}.Release|x86.ActiveCfg = Release|Win32
		{DFA8F7F0-A256-4C29-A650-83DAEDA6DEB0}.Release|x86.Build.0 = Release|Win32
		{DFA8F7F0-A256-4C29-A650-83DAEDA6DEB0}.UDPClient|x64.ActiveCfg = Debug|x64
		{DFA8F7F0-A256-4C29-A650-83DAEDA6DEB0}.UDPClient|x64.Build.0 = Debug|x64
		{DFA8F7F0-A256-4C29-A650-83DAEDA6DEB0}.UDPClient|x86.ActiveCfg = Debug|x64
		{DFA8F7F0-A256-4C29-A650-83DAEDA6DEB0}.UDPClient|x86.Build.0 = Debug|x64
		{DFA8F7F0-A256-4C29-A650-83DAEDA6DEB0}.UDPServer|x64.ActiveCfg = Debug|x64
		{DFA8F7F0-A256-4C29-A650-83DAEDA6DEB0}.UDPServer|x64.Build.0 = Debug|x64
		{DFA8F7F0-A256-4C29-A650-83DAEDA6DEB0}.UDPServer|x86.ActiveCfg = Debug|x64
		{DFA8F7F0-A256-4C29-A650-83DAEDA6DEB0}.UDPServer|x86.Build.0 = Debug|x64
	EndGlobalSection
	GlobalSection(SolutionProperties) = preSolution
		HideSolutionNode = FALSE
	EndGlobalSection
	GlobalSection(ExtensibilityGlobals) = postSolution
		SolutionGuid = {9C04BE22-E2AD-4EEE-B89B-0270FDCCFD05}
	EndGlobalSection
EndGlobal
