<?xml version="1.0" encoding="utf-8"?>
<Project ToolsVersion="4.0" xmlns="http://schemas.microsoft.com/developer/msbuild/2003">
  <ItemGroup>
    <Filter Include="소스 파일">
      <UniqueIdentifier>{4FC737F1-C7A5-4376-A066-2A32D752A2FF}</UniqueIdentifier>
      <Extensions>cpp;c;cc;cxx;def;odl;idl;hpj;bat;asm;asmx</Extensions>
    </Filter>
    <Filter Include="헤더 파일">
      <UniqueIdentifier>{93995380-89BD-4b04-88EB-625FBE52EBFB}</UniqueIdentifier>
      <Extensions>h;hh;hpp;hxx;hm;inl;inc;ipp;xsd</Extensions>
    </Filter>
    <Filter Include="리소스 파일">
      <UniqueIdentifier>{67DA6AB6-F800-4c08-8B7A-83BB121AAD01}</UniqueIdentifier>
      <Extensions>rc;ico;cur;bmp;dlg;rc2;rct;bin;rgs;gif;jpg;jpeg;jpe;resx;tiff;tif;png;wav;mfcribbon-ms</Extensions>
    </Filter>
    <Filter Include="소스 파일\Test">
      <UniqueIdentifier>{084b376c-81f3-4e3e-9508-c74e55e2dc48}</UniqueIdentifier>
    </Filter>
    <Filter Include="소스 파일\Main">
      <UniqueIdentifier>{6f9c840b-b8ab-4247-823a-cbd057a5a431}</UniqueIdentifier>
    </Filter>
  </ItemGroup>
  <ItemGroup>
    <ClCompile Include="..\Project1\MLogger.cpp">
      <Filter>소스 파일</Filter>
    </ClCompile>
    <ClCompile Include="..\Project1\MyHash.c">
      <Filter>소스 파일</Filter>
    </ClCompile>
    <ClCompile Include="..\Project1\MyQueue.c">
      <Filter>소스 파일</Filter>
    </ClCompile>
    <ClCompile Include="..\Project1\MyStack.c">
      <Filter>소스 파일</Filter>
    </ClCompile>
    <ClCompile Include="..\Project1\MyList.c">
      <Filter>소스 파일</Filter>
    </ClCompile>
    <ClCompile Include="TestCircle.c">
      <Filter>소스 파일\Test</Filter>
    </ClCompile>
    <ClCompile Include="..\Project1\MyService.c">
      <Filter>소스 파일</Filter>
    </ClCompile>
    <ClCompile Include="MyCircleQueue.c">
      <Filter>소스 파일</Filter>
    </ClCompile>
    <ClCompile Include="..\Project1\MyEvents.c">
      <Filter>소스 파일</Filter>
    </ClCompile>
    <ClCompile Include="LockFreeMain.cpp">
      <Filter>소스 파일\Main</Filter>
    </ClCompile>
    <ClCompile Include="..\Project1\FileTransMain.cpp">
      <Filter>소스 파일\Main</Filter>
    </ClCompile>
    <ClCompile Include="ChronoMain.cpp">
      <Filter>소스 파일\Main</Filter>
    </ClCompile>
  </ItemGroup>
  <ItemGroup>
    <ClInclude Include="..\Project1\MLogger.h">
      <Filter>헤더 파일</Filter>
    </ClInclude>
    <ClInclude Include="..\Project1\MyQueue.h">
      <Filter>헤더 파일</Filter>
    </ClInclude>
    <ClInclude Include="..\Project1\MyList.h">
      <Filter>헤더 파일</Filter>
    </ClInclude>
    <ClInclude Include="..\Project1\MyEvents.h">
      <Filter>헤더 파일</Filter>
    </ClInclude>
    <ClInclude Include="..\Project1\MyEvent.h">
      <Filter>헤더 파일</Filter>
    </ClInclude>
    <ClInclude Include="MyCircleQueue.h">
      <Filter>헤더 파일</Filter>
    </ClInclude>
    <ClInclude Include="..\Project1\MyService.h">
      <Filter>헤더 파일</Filter>
    </ClInclude>
    <ClInclude Include="..\Project1\MyStack.h">
      <Filter>헤더 파일</Filter>
    </ClInclude>
    <ClInclude Include="..\Project1\MyHash.h">
      <Filter>헤더 파일</Filter>
    </ClInclude>
  </ItemGroup>
</Project>